{
  "object": {
    "pins": [
      {
        "package": "GTFS",
        "repositoryURL": "https://github.com/emma-k-alexandra/GTFS.git",
        "state": {
          "branch": null,
          "revision": "c4ead92be39de76ec5a8f6dc591f2b7095f19e08",
          "version": "1.0.0"
        }
      },
      {
        "package": "SwiftProtobuf",
        "repositoryURL": "https://github.com/apple/swift-protobuf.git",
        "state": {
          "branch": null,
          "revision": "7790acf0a81d08429cb20375bf42a8c7d279c5fe",
          "version": "1.8.0"
        }
      }
    ]
  },
  "version": 1
}
